// !$*UTF8*$!
{
	archiveVersion = 1;
	classes = {
	};
	objectVersion = 50;
	objects = {

/* Begin PBXBuildFile section */
		FA16D5DC24F6FC0E0020619F /* AppDelegate.swift in Sources */ = {isa = PBXBuildFile; fileRef = FA16D5DB24F6FC0E0020619F /* AppDelegate.swift */; };
		FA16D5DE24F6FC0E0020619F /* SceneDelegate.swift in Sources */ = {isa = PBXBuildFile; fileRef = FA16D5DD24F6FC0E0020619F /* SceneDelegate.swift */; };
		FA16D5E024F6FC0E0020619F /* ViewController.swift in Sources */ = {isa = PBXBuildFile; fileRef = FA16D5DF24F6FC0E0020619F /* ViewController.swift */; };
		FA16D5E324F6FC0E0020619F /* Main.storyboard in Resources */ = {isa = PBXBuildFile; fileRef = FA16D5E124F6FC0E0020619F /* Main.storyboard */; };
		FA16D5E524F6FC150020619F /* Assets.xcassets in Resources */ = {isa = PBXBuildFile; fileRef = FA16D5E424F6FC150020619F /* Assets.xcassets */; };
		FA16D5E824F6FC150020619F /* LaunchScreen.storyboard in Resources */ = {isa = PBXBuildFile; fileRef = FA16D5E624F6FC150020619F /* LaunchScreen.storyboard */; };
/* End PBXBuildFile section */

/* Begin PBXFileReference section */
		FA16D5D824F6FC0E0020619F /* MyForstApp.app */ = {isa = PBXFileReference; explicitFileType = wrapper.application; includeInIndex = 0; path = MyForstApp.app; sourceTree = BUILT_PRODUCTS_DIR; };
		FA16D5DB24F6FC0E0020619F /* AppDelegate.swift */ = {isa = PBXFileReference; lastKnownFileType = sourcecode.swift; path = AppDelegate.swift; sourceTree = "<group>"; };
		FA16D5DD24F6FC0E0020619F /* SceneDelegate.swift */ = {isa = PBXFileReference; lastKnownFileType = sourcecode.swift; path = SceneDelegate.swift; sourceTree = "<group>"; };
		FA16D5DF24F6FC0E0020619F /* ViewController.swift */ = {isa = PBXFileReference; lastKnownFileType = sourcecode.swift; path = ViewController.swift; sourceTree = "<group>"; };
		FA16D5E224F6FC0E0020619F /* Base */ = {isa = PBXFileReference; lastKnownFileType = file.storyboard; name = Base; path = Base.lproj/Main.storyboard; sourceTree = "<group>"; };
		FA16D5E424F6FC150020619F /* Assets.xcassets */ = {isa = PBXFileReference; lastKnownFileType = folder.assetcatalog; path = Assets.xcassets; sourceTree = "<group>"; };
		FA16D5E724F6FC150020619F /* Base */ = {isa = PBXFileReference; lastKnownFileType = file.storyboard; name = Base; path = Base.lproj/LaunchScreen.storyboard; sourceTree = "<group>"; };
		FA16D5E924F6FC150020619F /* Info.plist */ = {isa = PBXFileReference; lastKnownFileType = text.plist.xml; path = Info.plist; sourceTree = "<group>"; };
/* End PBXFileReference section */

/* Begin PBXFrameworksBuildPhase section */
		FA16D5D524F6FC0E0020619F /* Frameworks */ = {
			isa = PBXFrameworksBuildPhase;
			buildActionMask = 2147483647;
			files = (
			);
			runOnlyForDeploymentPostprocessing = 0;
		};
/* End PBXFrameworksBuildPhase section */

/* Begin PBXGroup section */
		FA16D5CF24F6FC0D0020619F = {
			isa = PBXGroup;
			children = (
				FA16D5DA24F6FC0E0020619F /* MyForstApp */,
				FA16D5D924F6FC0E0020619F /* Products */,
			);
			sourceTree = "<group>";
		};
		FA16D5D924F6FC0E0020619F /* Products */ = {
			isa = PBXGroup;
			children = (
				FA16D5D824F6FC0E0020619F /* MyForstApp.app */,
			);
			name = Products;
			sourceTree = "<group>";
		};
		FA16D5DA24F6FC0E0020619F /* MyForstApp */ = {
			isa = PBXGroup;
			children = (
				FA16D5DB24F6FC0E0020619F /* AppDelegate.swift */,
				FA16D5DD24F6FC0E0020619F /* SceneDelegate.swift */,
				FA16D5DF24F6FC0E0020619F /* ViewController.swift */,
				FA16D5E124F6FC0E0020619F /* Main.storyboard */,
				FA16D5E424F6FC150020619F /* Assets.xcassets */,
				FA16D5E624F6FC150020619F /* LaunchScreen.storyboard */,
				FA16D5E924F6FC150020619F /* Info.plist */,
			);
			path = MyForstApp;
			sourceTree = "<group>";
		};
/* End PBXGroup section */

/* Begin PBXNativeTarget section */
		FA16D5D724F6FC0E0020619F /* MyForstApp */ = {
			isa = PBXNativeTarget;
			buildConfigurationList = FA16D5EC24F6FC150020619F /* Build configuration list for PBXNativeTarget "MyForstApp" */;
			buildPhases = (
				FA16D5D424F6FC0E0020619F /* Sources */,
				FA16D5D524F6FC0E0020619F /* Frameworks */,
				FA16D5D624F6FC0E0020619F /* Resources */,
			);
			buildRules = (
			);
			dependencies = (
			);
			name = MyForstApp;
			productName = MyForstApp;
			productReference = FA16D5D824F6FC0E0020619F /* MyForstApp.app */;
			productType = "com.apple.product-type.application";
		};
/* End PBXNativeTarget section */

/* Begin PBXProject section */
		FA16D5D024F6FC0D0020619F /* Project object */ = {
			isa = PBXProject;
			attributes = {
				LastSwiftUpdateCheck = 1150;
				LastUpgradeCheck = 1150;
				ORGANIZATIONNAME = "Alex Janci";
				TargetAttributes = {
					FA16D5D724F6FC0E0020619F = {
						CreatedOnToolsVersion = 11.5;
					};
				};
			};
			buildConfigurationList = FA16D5D324F6FC0D0020619F /* Build configuration list for PBXProject "MyForstApp" */;
			compatibilityVersion = "Xcode 9.3";
			developmentRegion = en;
			hasScannedForEncodings = 0;
			knownRegions = (
				en,
				Base,
			);
			mainGroup = FA16D5CF24F6FC0D0020619F;
			productRefGroup = FA16D5D924F6FC0E0020619F /* Products */;
			projectDirPath = "";
			projectRoot = "";
			targets = (
				FA16D5D724F6FC0E0020619F /* MyForstApp */,
			);
		};
/* End PBXProject section */

/* Begin PBXResourcesBuildPhase section */
		FA16D5D624F6FC0E0020619F /* Resources */ = {
			isa = PBXResourcesBuildPhase;
			buildActionMask = 2147483647;
			files = (
				FA16D5E824F6FC150020619F /* LaunchScreen.storyboard in Resources */,
				FA16D5E524F6FC150020619F /* Assets.xcassets in Resources */,
				FA16D5E324F6FC0E0020619F /* Main.storyboard in Resources */,
			);
			runOnlyForDeploymentPostprocessing = 0;
		};
/* End PBXResourcesBuildPhase section */

/* Begin PBXSourcesBuildPhase section */
		FA16D5D424F6FC0E0020619F /* Sources */ = {
			isa = PBXSourcesBuildPhase;
			buildActionMask = 2147483647;
			files = (
				FA16D5E024F6FC0E0020619F /* ViewController.swift in Sources */,
				FA16D5DC24F6FC0E0020619F /* AppDelegate.swift in Sources */,
				FA16D5DE24F6FC0E0020619F /* SceneDelegate.swift in Sources */,
			);
			runOnlyForDeploymentPostprocessing = 0;
		};
/* End PBXSourcesBuildPhase section */

/* Begin PBXVariantGroup section */
		FA16D5E124F6FC0E0020619F /* Main.storyboard */ = {
			isa = PBXVariantGroup;
			children = (
				FA16D5E224F6FC0E0020619F /* Base */,
			);
			name = Main.storyboard;
			sourceTree = "<group>";
		};
		FA16D5E624F6FC150020619F /* LaunchScreen.storyboard */ = {
			isa = PBXVariantGroup;
			children = (
				FA16D5E724F6FC150020619F /* Base */,
			);
			name = LaunchScreen.storyboard;
			sourceTree = "<group>";
		};
/* End PBXVariantGroup section */

/* Begin XCBuildConfiguration section */
		FA16D5EA24F6FC150020619F /* Debug */ = {
			isa = XCBuildConfiguration;
			buildSettings = {
				ALWAYS_SEARCH_USER_PATHS = NO;
				CLANG_ANALYZER_NONNULL = YES;
				CLANG_ANALYZER_NUMBER_OBJECT_CONVERSION = YES_AGGRESSIVE;
				CLANG_CXX_LANGUAGE_STANDARD = "gnu++14";
				CLANG_CXX_LIBRARY = "libc++";
				CLANG_ENABLE_MODULES = YES;
				CLANG_ENABLE_OBJC_ARC = YES;
				CLANG_ENABLE_OBJC_WEAK = YES;
				CLANG_WARN_BLOCK_CAPTURE_AUTORELEASING = YES;
				CLANG_WARN_BOOL_CONVERSION = YES;
				CLANG_WARN_COMMA = YES;
				CLANG_WARN_CONSTANT_CONVERSION = YES;
				CLANG_WARN_DEPRECATED_OBJC_IMPLEMENTATIONS = YES;
				CLANG_WARN_DIRECT_OBJC_ISA_USAGE = YES_ERROR;
				CLANG_WARN_DOCUMENTATION_COMMENTS = YES;
				CLANG_WARN_EMPTY_BODY = YES;
				CLANG_WARN_ENUM_CONVERSION = YES;
				CLANG_WARN_INFINITE_RECURSION = YES;
				CLANG_WARN_INT_CONVERSION = YES;
				CLANG_WARN_NON_LITERAL_NULL_CONVERSION = YES;
				CLANG_WARN_OBJC_IMPLICIT_RETAIN_SELF = YES;
				CLANG_WARN_OBJC_LITERAL_CONVERSION = YES;
				CLANG_WARN_OBJC_ROOT_CLASS = YES_ERROR;
				CLANG_WARN_RANGE_LOOP_ANALYSIS = YES;
				CLANG_WARN_STRICT_PROTOTYPES = YES;
				CLANG_WARN_SUSPICIOUS_MOVE = YES;
				CLANG_WARN_UNGUARDED_AVAILABILITY = YES_AGGRESSIVE;
				CLANG_WARN_UNREACHABLE_CODE = YES;
				CLANG_WARN__DUPLICATE_METHOD_MATCH = YES;
				COPY_PHASE_STRIP = NO;
				DEBUG_INFORMATION_FORMAT = dwarf;
				ENABLE_STRICT_OBJC_MSGSEND = YES;
				ENABLE_TESTABILITY = YES;
				GCC_C_LANGUAGE_STANDARD = gnu11;
				GCC_DYNAMIC_NO_PIC = NO;
				GCC_NO_COMMON_BLOCKS = YES;
				GCC_OPTIMIZATION_LEVEL = 0;
				GCC_PREPROCESSOR_DEFINITIONS = (
					"DEBUG=1",
					"$(inherited)",
				);
				GCC_WARN_64_TO_32_BIT_CONVERSION = YES;
				GCC_WARN_ABOUT_RETURN_TYPE = YES_ERROR;
				GCC_WARN_UNDECLARED_SELECTOR = YES;
				GCC_WARN_UNINITIALIZED_AUTOS = YES_AGGRESSIVE;
				GCC_WARN_UNUSED_FUNCTION = YES;
				GCC_WARN_UNUSED_VARIABLE = YES;
				IPHONEOS_DEPLOYMENT_TARGET = 13.5;
				MTL_ENABLE_DEBUG_INFO = INCLUDE_SOURCE;
				MTL_FAST_MATH = YES;
				ONLY_ACTIVE_ARCH = YES;
				SDKROOT = iphoneos;
				SWIFT_ACTIVE_COMPILATION_CONDITIONS = DEBUG;
				SWIFT_OPTIMIZATION_LEVEL = "-Onone";
			};
			name = Debug;
		};
		FA16D5EB24F6FC150020619F /* Release */ = {
			isa = XCBuildConfiguration;
			buildSettings = {
				ALWAYS_SEARCH_USER_PATHS = NO;
				CLANG_ANALYZER_NONNULL = YES;
				CLANG_ANALYZER_NUMBER_OBJECT_CONVERSION = YES_AGGRESSIVE;
				CLANG_CXX_LANGUAGE_STANDARD = "gnu++14";
				CLANG_CXX_LIBRARY = "libc++";
				CLANG_ENABLE_MODULES = YES;
				CLANG_ENABLE_OBJC_ARC = YES;
				CLANG_ENABLE_OBJC_WEAK = YES;
				CLANG_WARN_BLOCK_CAPTURE_AUTORELEASING = YES;
				CLANG_WARN_BOOL_CONVERSION = YES;
				CLANG_WARN_COMMA = YES;
				CLANG_WARN_CONSTANT_CONVERSION = YES;
				CLANG_WARN_DEPRECATED_OBJC_IMPLEMENTATIONS = YES;
				CLANG_WARN_DIRECT_OBJC_ISA_USAGE = YES_ERROR;
				CLANG_WARN_DOCUMENTATION_COMMENTS = YES;
				CLANG_WARN_EMPTY_BODY = YES;
				CLANG_WARN_ENUM_CONVERSION = YES;
				CLANG_WARN_INFINITE_RECURSION = YES;
				CLANG_WARN_INT_CONVERSION = YES;
				CLANG_WARN_NON_LITERAL_NULL_CONVERSION = YES;
				CLANG_WARN_OBJC_IMPLICIT_RETAIN_SELF = YES;
				CLANG_WARN_OBJC_LITERAL_CONVERSION = YES;
				CLANG_WARN_OBJC_ROOT_CLASS = YES_ERROR;
				CLANG_WARN_RANGE_LOOP_ANALYSIS = YES;
				CLANG_WARN_STRICT_PROTOTYPES = YES;
				CLANG_WARN_SUSPICIOUS_MOVE = YES;
				CLANG_WARN_UNGUARDED_AVAILABILITY = YES_AGGRESSIVE;
				CLANG_WARN_UNREACHABLE_CODE = YES;
				CLANG_WARN__DUPLICATE_METHOD_MATCH = YES;
				COPY_PHASE_STRIP = NO;
				DEBUG_INFORMATION_FORMAT = "dwarf-with-dsym";
				ENABLE_NS_ASSERTIONS = NO;
				ENABLE_STRICT_OBJC_MSGSEND = YES;
				GCC_C_LANGUAGE_STANDARD = gnu11;
				GCC_NO_COMMON_BLOCKS = YES;
				GCC_WARN_64_TO_32_BIT_CONVERSION = YES;
				GCC_WARN_ABOUT_RETURN_TYPE = YES_ERROR;
				GCC_WARN_UNDECLARED_SELECTOR = YES;
				GCC_WARN_UNINITIALIZED_AUTOS = YES_AGGRESSIVE;
				GCC_WARN_UNUSED_FUNCTION = YES;
				GCC_WARN_UNUSED_VARIABLE = YES;
				IPHONEOS_DEPLOYMENT_TARGET = 13.5;
				MTL_ENABLE_DEBUG_INFO = NO;
				MTL_FAST_MATH = YES;
				SDKROOT = iphoneos;
				SWIFT_COMPILATION_MODE = wholemodule;
				SWIFT_OPTIMIZATION_LEVEL = "-O";
				VALIDATE_PRODUCT = YES;
			};
			name = Release;
		};
		FA16D5ED24F6FC150020619F /* Debug */ = {
			isa = XCBuildConfiguration;
			buildSettings = {
				ASSETCATALOG_COMPILER_APPICON_NAME = AppIcon;
				CODE_SIGN_STYLE = Automatic;
				INFOPLIST_FILE = MyForstApp/Info.plist;
				LD_RUNPATH_SEARCH_PATHS = (
					"$(inherited)",
					"@executable_path/Frameworks",
				);
				PRODUCT_BUNDLE_IDENTIFIER = com.jancialex.MyForstApp;
				PRODUCT_NAME = "$(TARGET_NAME)";
				SWIFT_VERSION = 5.0;
				TARGETED_DEVICE_FAMILY = "1,2";
			};
			name = Debug;
		};
		FA16D5EE24F6FC150020619F /* Release */ = {
			isa = XCBuildConfiguration;
			buildSettings = {
				ASSETCATALOG_COMPILER_APPICON_NAME = AppIcon;
				CODE_SIGN_STYLE = Automatic;
				INFOPLIST_FILE = MyForstApp/Info.plist;
				LD_RUNPATH_SEARCH_PATHS = (
					"$(inherited)",
					"@executable_path/Frameworks",
				);
				PRODUCT_BUNDLE_IDENTIFIER = com.jancialex.MyForstApp;
				PRODUCT_NAME = "$(TARGET_NAME)";
				SWIFT_VERSION = 5.0;
				TARGETED_DEVICE_FAMILY = "1,2";
			};
			name = Release;
		};
/* End XCBuildConfiguration section */

/* Begin XCConfigurationList section */
		FA16D5D324F6FC0D0020619F /* Build configuration list for PBXProject "MyForstApp" */ = {
			isa = XCConfigurationList;
			buildConfigurations = (
				FA16D5EA24F6FC150020619F /* Debug */,
				FA16D5EB24F6FC150020619F /* Release */,
			);
			defaultConfigurationIsVisible = 0;
			defaultConfigurationName = Release;
		};
		FA16D5EC24F6FC150020619F /* Build configuration list for PBXNativeTarget "MyForstApp" */ = {
			isa = XCConfigurationList;
			buildConfigurations = (
				FA16D5ED24F6FC150020619F /* Debug */,
				FA16D5EE24F6FC150020619F /* Release */,
			);
			defaultConfigurationIsVisible = 0;
			defaultConfigurationName = Release;
		};
/* End XCConfigurationList section */
	};
	rootObject = FA16D5D024F6FC0D0020619F /* Project object */;
}
